{
    "_readme": [
        "This file locks the dependencies of your project to a known state",
        "Read more about it at https://getcomposer.org/doc/01-basic-usage.md#installing-dependencies",
        "This file is @generated automatically"
    ],
    "content-hash": "d6ddfc7a49fb6c6ae01dcc3d685dbdce",
    "packages": [
        {
            "name": "composer/semver",
            "version": "1.5.1",
            "source": {
                "type": "git",
                "url": "https://github.com/composer/semver.git",
                "reference": "c6bea70230ef4dd483e6bbcab6005f682ed3a8de"
            },
            "dist": {
                "type": "zip",
                "url": "https://api.github.com/repos/composer/semver/zipball/c6bea70230ef4dd483e6bbcab6005f682ed3a8de",
                "reference": "c6bea70230ef4dd483e6bbcab6005f682ed3a8de",
                "shasum": ""
            },
            "require": {
                "php": "^5.3.2 || ^7.0"
            },
            "require-dev": {
                "phpunit/phpunit": "^4.5 || ^5.0.5"
            },
            "type": "library",
            "extra": {
                "branch-alias": {
                    "dev-master": "1.x-dev"
                }
            },
            "autoload": {
                "psr-4": {
                    "Composer\\Semver\\": "src"
                }
            },
            "notification-url": "https://packagist.org/downloads/",
            "license": [
                "MIT"
            ],
            "authors": [
                {
                    "name": "Nils Adermann",
                    "email": "naderman@naderman.de",
                    "homepage": "http://www.naderman.de"
                },
                {
                    "name": "Jordi Boggiano",
                    "email": "j.boggiano@seld.be",
                    "homepage": "http://seld.be"
                },
                {
                    "name": "Rob Bast",
                    "email": "rob.bast@gmail.com",
                    "homepage": "http://robbast.nl"
                }
            ],
            "description": "Semver library that offers utilities, version constraint parsing and validation.",
            "keywords": [
                "semantic",
                "semver",
                "validation",
                "versioning"
            ],
            "time": "2020-01-13T12:06:48+00:00"
        },
        {
            "name": "composer/xdebug-handler",
            "version": "1.4.1",
            "source": {
                "type": "git",
                "url": "https://github.com/composer/xdebug-handler.git",
                "reference": "1ab9842d69e64fb3a01be6b656501032d1b78cb7"
            },
            "dist": {
                "type": "zip",
                "url": "https://api.github.com/repos/composer/xdebug-handler/zipball/1ab9842d69e64fb3a01be6b656501032d1b78cb7",
                "reference": "1ab9842d69e64fb3a01be6b656501032d1b78cb7",
                "shasum": ""
            },
            "require": {
                "php": "^5.3.2 || ^7.0 || ^8.0",
                "psr/log": "^1.0"
            },
            "require-dev": {
                "phpunit/phpunit": "^4.8.35 || ^5.7 || 6.5 - 8"
            },
            "type": "library",
            "autoload": {
                "psr-4": {
                    "Composer\\XdebugHandler\\": "src"
                }
            },
            "notification-url": "https://packagist.org/downloads/",
            "license": [
                "MIT"
            ],
            "authors": [
                {
                    "name": "John Stevenson",
                    "email": "john-stevenson@blueyonder.co.uk"
                }
            ],
            "description": "Restarts a process without Xdebug.",
            "keywords": [
                "Xdebug",
                "performance"
            ],
            "funding": [
                {
                    "url": "https://packagist.com",
                    "type": "custom"
                }
            ],
            "time": "2020-03-01T12:26:26+00:00"
        },
        {
            "name": "felixfbecker/advanced-json-rpc",
            "version": "v3.1.1",
            "source": {
                "type": "git",
                "url": "https://github.com/felixfbecker/php-advanced-json-rpc.git",
                "reference": "0ed363f8de17d284d479ec813c9ad3f6834b5c40"
            },
            "dist": {
                "type": "zip",
                "url": "https://api.github.com/repos/felixfbecker/php-advanced-json-rpc/zipball/0ed363f8de17d284d479ec813c9ad3f6834b5c40",
                "reference": "0ed363f8de17d284d479ec813c9ad3f6834b5c40",
                "shasum": ""
            },
            "require": {
                "netresearch/jsonmapper": "^1.0 || ^2.0",
                "php": ">=7.0",
                "phpdocumentor/reflection-docblock": "^4.0.0 || ^5.0.0"
            },
            "require-dev": {
                "phpunit/phpunit": "^6.0.0"
            },
            "type": "library",
            "autoload": {
                "psr-4": {
                    "AdvancedJsonRpc\\": "lib/"
                }
            },
            "notification-url": "https://packagist.org/downloads/",
            "license": [
                "ISC"
            ],
            "authors": [
                {
                    "name": "Felix Becker",
                    "email": "felix.b@outlook.com"
                }
            ],
            "description": "A more advanced JSONRPC implementation",
            "time": "2020-03-11T15:21:41+00:00"
        },
        {
            "name": "microsoft/tolerant-php-parser",
            "version": "v0.0.20",
            "source": {
                "type": "git",
                "url": "https://github.com/microsoft/tolerant-php-parser.git",
                "reference": "c5e2bf5d8c9f4f27eef1370bd39ea2d1f374eeb4"
            },
            "dist": {
                "type": "zip",
                "url": "https://api.github.com/repos/microsoft/tolerant-php-parser/zipball/c5e2bf5d8c9f4f27eef1370bd39ea2d1f374eeb4",
                "reference": "c5e2bf5d8c9f4f27eef1370bd39ea2d1f374eeb4",
                "shasum": ""
            },
            "require": {
                "php": ">=7.0"
            },
            "require-dev": {
                "phpunit/phpunit": "^6.4"
            },
            "type": "library",
            "autoload": {
                "psr-4": {
                    "Microsoft\\PhpParser\\": [
                        "src/"
                    ]
                }
            },
            "notification-url": "https://packagist.org/downloads/",
            "license": [
                "MIT"
            ],
            "authors": [
                {
                    "name": "Rob Lourens",
                    "email": "roblou@microsoft.com"
                }
            ],
            "description": "Tolerant PHP-to-AST parser designed for IDE usage scenarios",
            "time": "2020-02-18T02:57:19+00:00"
        },
        {
            "name": "netresearch/jsonmapper",
            "version": "v2.0.0",
            "source": {
                "type": "git",
                "url": "https://github.com/cweiske/jsonmapper.git",
                "reference": "e245890383c3ed38b6d202ee373c23ccfebc0f54"
            },
            "dist": {
                "type": "zip",
                "url": "https://api.github.com/repos/cweiske/jsonmapper/zipball/e245890383c3ed38b6d202ee373c23ccfebc0f54",
                "reference": "e245890383c3ed38b6d202ee373c23ccfebc0f54",
                "shasum": ""
            },
            "require": {
                "ext-json": "*",
                "ext-pcre": "*",
                "ext-reflection": "*",
                "ext-spl": "*",
                "php": ">=5.6"
            },
            "require-dev": {
                "phpunit/phpunit": "~4.8.35 || ~5.7 || ~6.4 || ~7.0",
                "squizlabs/php_codesniffer": "~3.5"
            },
            "type": "library",
            "autoload": {
                "psr-0": {
                    "JsonMapper": "src/"
                }
            },
            "notification-url": "https://packagist.org/downloads/",
            "license": [
                "OSL-3.0"
            ],
            "authors": [
                {
                    "name": "Christian Weiske",
                    "email": "cweiske@cweiske.de",
                    "homepage": "http://github.com/cweiske/jsonmapper/",
                    "role": "Developer"
                }
            ],
            "description": "Map nested JSON structures onto PHP classes",
            "time": "2020-03-04T17:23:33+00:00"
        },
        {
            "name": "phan/phan",
            "version": "2.7.0",
            "source": {
                "type": "git",
                "url": "https://github.com/phan/phan.git",
                "reference": "c1694f08654e0cd534d1ecda10f242c77a44f235"
            },
            "dist": {
                "type": "zip",
                "url": "https://api.github.com/repos/phan/phan/zipball/c1694f08654e0cd534d1ecda10f242c77a44f235",
                "reference": "c1694f08654e0cd534d1ecda10f242c77a44f235",
                "shasum": ""
            },
            "require": {
                "composer/semver": "^1.4",
                "composer/xdebug-handler": "^1.3.2",
                "ext-filter": "*",
                "ext-json": "*",
                "ext-tokenizer": "*",
                "felixfbecker/advanced-json-rpc": "^3.0.4",
                "microsoft/tolerant-php-parser": "0.0.20",
                "netresearch/jsonmapper": "^1.6.0|^2.0",
                "php": "^7.1.0",
                "sabre/event": "^5.0",
                "symfony/console": "^2.3|^3.0|^4.0|^5.0",
                "symfony/polyfill-mbstring": "^1.11.0",
                "symfony/polyfill-php72": "^1.15"
            },
            "require-dev": {
                "brianium/paratest": "^4.0.0",
                "phpunit/phpunit": "^7.5.0"
            },
            "suggest": {
                "ext-ast": "Needed for parsing ASTs (unless --use-fallback-parser is used). 1.0.1+ is needed, 1.0.6+ is recommended.",
                "ext-iconv": "Either iconv or mbstring is needed to ensure issue messages are valid utf-8",
                "ext-igbinary": "Improves performance of polyfill when ext-ast is unavailable",
                "ext-mbstring": "Either iconv or mbstring is needed to ensure issue messages are valid utf-8",
                "ext-tokenizer": "Needed for fallback/polyfill parser support and file/line-based suppressions."
            },
            "bin": [
                "phan",
                "phan_client",
                "tocheckstyle"
            ],
            "type": "project",
            "autoload": {
                "psr-4": {
                    "Phan\\": "src/Phan"
                }
            },
            "notification-url": "https://packagist.org/downloads/",
            "license": [
                "MIT"
            ],
            "authors": [
                {
                    "name": "Tyson Andre"
                },
                {
                    "name": "Rasmus Lerdorf"
                },
                {
                    "name": "Andrew S. Morrison"
                }
            ],
            "description": "A static analyzer for PHP",
            "keywords": [
                "analyzer",
                "php",
                "static"
            ],
            "time": "2020-04-01T14:15:47+00:00"
        },
        {
            "name": "phpdocumentor/reflection-common",
            "version": "2.0.0",
            "source": {
                "type": "git",
                "url": "https://github.com/phpDocumentor/ReflectionCommon.git",
                "reference": "63a995caa1ca9e5590304cd845c15ad6d482a62a"
            },
            "dist": {
                "type": "zip",
                "url": "https://api.github.com/repos/phpDocumentor/ReflectionCommon/zipball/63a995caa1ca9e5590304cd845c15ad6d482a62a",
                "reference": "63a995caa1ca9e5590304cd845c15ad6d482a62a",
                "shasum": ""
            },
            "require": {
                "php": ">=7.1"
            },
            "require-dev": {
                "phpunit/phpunit": "~6"
            },
            "type": "library",
            "extra": {
                "branch-alias": {
                    "dev-master": "2.x-dev"
                }
            },
            "autoload": {
                "psr-4": {
                    "phpDocumentor\\Reflection\\": "src/"
                }
            },
            "notification-url": "https://packagist.org/downloads/",
            "license": [
                "MIT"
            ],
            "authors": [
                {
                    "name": "Jaap van Otterdijk",
                    "email": "opensource@ijaap.nl"
                }
            ],
            "description": "Common reflection classes used by phpdocumentor to reflect the code structure",
            "homepage": "http://www.phpdoc.org",
            "keywords": [
                "FQSEN",
                "phpDocumentor",
                "phpdoc",
                "reflection",
                "static analysis"
            ],
            "time": "2018-08-07T13:53:10+00:00"
        },
        {
            "name": "phpdocumentor/reflection-docblock",
            "version": "4.3.4",
            "source": {
                "type": "git",
                "url": "https://github.com/phpDocumentor/ReflectionDocBlock.git",
                "reference": "da3fd972d6bafd628114f7e7e036f45944b62e9c"
            },
            "dist": {
                "type": "zip",
                "url": "https://api.github.com/repos/phpDocumentor/ReflectionDocBlock/zipball/da3fd972d6bafd628114f7e7e036f45944b62e9c",
                "reference": "da3fd972d6bafd628114f7e7e036f45944b62e9c",
                "shasum": ""
            },
            "require": {
                "php": "^7.0",
                "phpdocumentor/reflection-common": "^1.0.0 || ^2.0.0",
                "phpdocumentor/type-resolver": "~0.4 || ^1.0.0",
                "webmozart/assert": "^1.0"
            },
            "require-dev": {
                "doctrine/instantiator": "^1.0.5",
                "mockery/mockery": "^1.0",
                "phpdocumentor/type-resolver": "0.4.*",
                "phpunit/phpunit": "^6.4"
            },
            "type": "library",
            "extra": {
                "branch-alias": {
                    "dev-master": "4.x-dev"
                }
            },
            "autoload": {
                "psr-4": {
                    "phpDocumentor\\Reflection\\": [
                        "src/"
                    ]
                }
            },
            "notification-url": "https://packagist.org/downloads/",
            "license": [
                "MIT"
            ],
            "authors": [
                {
                    "name": "Mike van Riel",
                    "email": "me@mikevanriel.com"
                }
            ],
            "description": "With this component, a library can provide support for annotations via DocBlocks or otherwise retrieve information that is embedded in a DocBlock.",
            "time": "2019-12-28T18:55:12+00:00"
        },
        {
            "name": "phpdocumentor/type-resolver",
            "version": "1.0.1",
            "source": {
                "type": "git",
                "url": "https://github.com/phpDocumentor/TypeResolver.git",
                "reference": "2e32a6d48972b2c1976ed5d8967145b6cec4a4a9"
            },
            "dist": {
                "type": "zip",
                "url": "https://api.github.com/repos/phpDocumentor/TypeResolver/zipball/2e32a6d48972b2c1976ed5d8967145b6cec4a4a9",
                "reference": "2e32a6d48972b2c1976ed5d8967145b6cec4a4a9",
                "shasum": ""
            },
            "require": {
                "php": "^7.1",
                "phpdocumentor/reflection-common": "^2.0"
            },
            "require-dev": {
                "ext-tokenizer": "^7.1",
                "mockery/mockery": "~1",
                "phpunit/phpunit": "^7.0"
            },
            "type": "library",
            "extra": {
                "branch-alias": {
                    "dev-master": "1.x-dev"
                }
            },
            "autoload": {
                "psr-4": {
                    "phpDocumentor\\Reflection\\": "src"
                }
            },
            "notification-url": "https://packagist.org/downloads/",
            "license": [
                "MIT"
            ],
            "authors": [
                {
                    "name": "Mike van Riel",
                    "email": "me@mikevanriel.com"
                }
            ],
            "description": "A PSR-5 based resolver of Class names, Types and Structural Element Names",
            "time": "2019-08-22T18:11:29+00:00"
        },
        {
            "name": "psr/container",
            "version": "1.0.0",
            "source": {
                "type": "git",
                "url": "https://github.com/php-fig/container.git",
                "reference": "b7ce3b176482dbbc1245ebf52b181af44c2cf55f"
            },
            "dist": {
                "type": "zip",
                "url": "https://api.github.com/repos/php-fig/container/zipball/b7ce3b176482dbbc1245ebf52b181af44c2cf55f",
                "reference": "b7ce3b176482dbbc1245ebf52b181af44c2cf55f",
                "shasum": ""
            },
            "require": {
                "php": ">=5.3.0"
            },
            "type": "library",
            "extra": {
                "branch-alias": {
                    "dev-master": "1.0.x-dev"
                }
            },
            "autoload": {
                "psr-4": {
                    "Psr\\Container\\": "src/"
                }
            },
            "notification-url": "https://packagist.org/downloads/",
            "license": [
                "MIT"
            ],
            "authors": [
                {
                    "name": "PHP-FIG",
                    "homepage": "http://www.php-fig.org/"
                }
            ],
            "description": "Common Container Interface (PHP FIG PSR-11)",
            "homepage": "https://github.com/php-fig/container",
            "keywords": [
                "PSR-11",
                "container",
                "container-interface",
                "container-interop",
                "psr"
            ],
            "time": "2017-02-14T16:28:37+00:00"
        },
        {
            "name": "psr/log",
            "version": "1.1.3",
            "source": {
                "type": "git",
                "url": "https://github.com/php-fig/log.git",
                "reference": "0f73288fd15629204f9d42b7055f72dacbe811fc"
            },
            "dist": {
                "type": "zip",
                "url": "https://api.github.com/repos/php-fig/log/zipball/0f73288fd15629204f9d42b7055f72dacbe811fc",
                "reference": "0f73288fd15629204f9d42b7055f72dacbe811fc",
                "shasum": ""
            },
            "require": {
                "php": ">=5.3.0"
            },
            "type": "library",
            "extra": {
                "branch-alias": {
                    "dev-master": "1.1.x-dev"
                }
            },
            "autoload": {
                "psr-4": {
                    "Psr\\Log\\": "Psr/Log/"
                }
            },
            "notification-url": "https://packagist.org/downloads/",
            "license": [
                "MIT"
            ],
            "authors": [
                {
                    "name": "PHP-FIG",
                    "homepage": "http://www.php-fig.org/"
                }
            ],
            "description": "Common interface for logging libraries",
            "homepage": "https://github.com/php-fig/log",
            "keywords": [
                "log",
                "psr",
                "psr-3"
            ],
            "time": "2020-03-23T09:12:05+00:00"
        },
        {
            "name": "sabre/event",
            "version": "5.1.0",
            "source": {
                "type": "git",
                "url": "https://github.com/sabre-io/event.git",
                "reference": "d00a17507af0e7544cfe17096372f5d733e3b276"
            },
            "dist": {
                "type": "zip",
                "url": "https://api.github.com/repos/sabre-io/event/zipball/d00a17507af0e7544cfe17096372f5d733e3b276",
                "reference": "d00a17507af0e7544cfe17096372f5d733e3b276",
                "shasum": ""
            },
            "require": {
                "php": "^7.1"
            },
            "require-dev": {
                "friendsofphp/php-cs-fixer": "~2.16.1",
                "phpunit/phpunit": "^7 || ^8"
            },
            "type": "library",
            "autoload": {
                "psr-4": {
                    "Sabre\\Event\\": "lib/"
                },
                "files": [
                    "lib/coroutine.php",
                    "lib/Loop/functions.php",
                    "lib/Promise/functions.php"
                ]
            },
            "notification-url": "https://packagist.org/downloads/",
            "license": [
                "BSD-3-Clause"
            ],
            "authors": [
                {
                    "name": "Evert Pot",
                    "email": "me@evertpot.com",
                    "homepage": "http://evertpot.com/",
                    "role": "Developer"
                }
            ],
            "description": "sabre/event is a library for lightweight event-based programming",
            "homepage": "http://sabre.io/event/",
            "keywords": [
                "EventEmitter",
                "async",
                "coroutine",
                "eventloop",
                "events",
                "hooks",
                "plugin",
                "promise",
                "reactor",
                "signal"
            ],
            "time": "2020-01-31T18:52:29+00:00"
        },
        {
            "name": "symfony/console",
            "version": "v4.4.7",
            "source": {
                "type": "git",
                "url": "https://github.com/symfony/console.git",
                "reference": "10bb3ee3c97308869d53b3e3d03f6ac23ff985f7"
            },
            "dist": {
                "type": "zip",
                "url": "https://api.github.com/repos/symfony/console/zipball/10bb3ee3c97308869d53b3e3d03f6ac23ff985f7",
                "reference": "10bb3ee3c97308869d53b3e3d03f6ac23ff985f7",
                "shasum": ""
            },
            "require": {
                "php": "^7.1.3",
                "symfony/polyfill-mbstring": "~1.0",
                "symfony/polyfill-php73": "^1.8",
                "symfony/service-contracts": "^1.1|^2"
            },
            "conflict": {
                "symfony/dependency-injection": "<3.4",
                "symfony/event-dispatcher": "<4.3|>=5",
                "symfony/lock": "<4.4",
                "symfony/process": "<3.3"
            },
            "provide": {
                "psr/log-implementation": "1.0"
            },
            "require-dev": {
                "psr/log": "~1.0",
                "symfony/config": "^3.4|^4.0|^5.0",
                "symfony/dependency-injection": "^3.4|^4.0|^5.0",
                "symfony/event-dispatcher": "^4.3",
                "symfony/lock": "^4.4|^5.0",
                "symfony/process": "^3.4|^4.0|^5.0",
                "symfony/var-dumper": "^4.3|^5.0"
            },
            "suggest": {
                "psr/log": "For using the console logger",
                "symfony/event-dispatcher": "",
                "symfony/lock": "",
                "symfony/process": ""
            },
            "type": "library",
            "extra": {
                "branch-alias": {
                    "dev-master": "4.4-dev"
                }
            },
            "autoload": {
                "psr-4": {
                    "Symfony\\Component\\Console\\": ""
                },
                "exclude-from-classmap": [
                    "/Tests/"
                ]
            },
            "notification-url": "https://packagist.org/downloads/",
            "license": [
                "MIT"
            ],
            "authors": [
                {
                    "name": "Fabien Potencier",
                    "email": "fabien@symfony.com"
                },
                {
                    "name": "Symfony Community",
                    "homepage": "https://symfony.com/contributors"
                }
            ],
            "description": "Symfony Console Component",
            "homepage": "https://symfony.com",
            "funding": [
                {
                    "url": "https://symfony.com/sponsor",
                    "type": "custom"
                },
                {
                    "url": "https://github.com/fabpot",
                    "type": "github"
                },
                {
                    "url": "https://tidelift.com/funding/github/packagist/symfony/symfony",
                    "type": "tidelift"
                }
            ],
            "time": "2020-03-30T11:41:10+00:00"
        },
        {
            "name": "symfony/polyfill-ctype",
            "version": "v1.15.0",
            "source": {
                "type": "git",
                "url": "https://github.com/symfony/polyfill-ctype.git",
                "reference": "4719fa9c18b0464d399f1a63bf624b42b6fa8d14"
            },
            "dist": {
                "type": "zip",
                "url": "https://api.github.com/repos/symfony/polyfill-ctype/zipball/4719fa9c18b0464d399f1a63bf624b42b6fa8d14",
                "reference": "4719fa9c18b0464d399f1a63bf624b42b6fa8d14",
                "shasum": ""
            },
            "require": {
                "php": ">=5.3.3"
            },
            "suggest": {
                "ext-ctype": "For best performance"
            },
            "type": "library",
            "extra": {
                "branch-alias": {
                    "dev-master": "1.15-dev"
                }
            },
            "autoload": {
                "psr-4": {
                    "Symfony\\Polyfill\\Ctype\\": ""
                },
                "files": [
                    "bootstrap.php"
                ]
            },
            "notification-url": "https://packagist.org/downloads/",
            "license": [
                "MIT"
            ],
            "authors": [
                {
                    "name": "Gert de Pagter",
                    "email": "BackEndTea@gmail.com"
                },
                {
                    "name": "Symfony Community",
                    "homepage": "https://symfony.com/contributors"
                }
            ],
            "description": "Symfony polyfill for ctype functions",
            "homepage": "https://symfony.com",
            "keywords": [
                "compatibility",
                "ctype",
                "polyfill",
                "portable"
            ],
            "funding": [
                {
                    "url": "https://symfony.com/sponsor",
                    "type": "custom"
                },
                {
                    "url": "https://github.com/fabpot",
                    "type": "github"
                },
                {
                    "url": "https://tidelift.com/funding/github/packagist/symfony/symfony",
                    "type": "tidelift"
                }
            ],
            "time": "2020-02-27T09:26:54+00:00"
        },
        {
            "name": "symfony/polyfill-mbstring",
            "version": "v1.15.0",
            "source": {
                "type": "git",
                "url": "https://github.com/symfony/polyfill-mbstring.git",
                "reference": "81ffd3a9c6d707be22e3012b827de1c9775fc5ac"
            },
            "dist": {
                "type": "zip",
                "url": "https://api.github.com/repos/symfony/polyfill-mbstring/zipball/81ffd3a9c6d707be22e3012b827de1c9775fc5ac",
                "reference": "81ffd3a9c6d707be22e3012b827de1c9775fc5ac",
                "shasum": ""
            },
            "require": {
                "php": ">=5.3.3"
            },
            "suggest": {
                "ext-mbstring": "For best performance"
            },
            "type": "library",
            "extra": {
                "branch-alias": {
                    "dev-master": "1.15-dev"
                }
            },
            "autoload": {
                "psr-4": {
                    "Symfony\\Polyfill\\Mbstring\\": ""
                },
                "files": [
                    "bootstrap.php"
                ]
            },
            "notification-url": "https://packagist.org/downloads/",
            "license": [
                "MIT"
            ],
            "authors": [
                {
                    "name": "Nicolas Grekas",
                    "email": "p@tchwork.com"
                },
                {
                    "name": "Symfony Community",
                    "homepage": "https://symfony.com/contributors"
                }
            ],
            "description": "Symfony polyfill for the Mbstring extension",
            "homepage": "https://symfony.com",
            "keywords": [
                "compatibility",
                "mbstring",
                "polyfill",
                "portable",
                "shim"
            ],
            "funding": [
                {
                    "url": "https://symfony.com/sponsor",
                    "type": "custom"
                },
                {
                    "url": "https://github.com/fabpot",
                    "type": "github"
                },
                {
                    "url": "https://tidelift.com/funding/github/packagist/symfony/symfony",
                    "type": "tidelift"
                }
            ],
            "time": "2020-03-09T19:04:49+00:00"
        },
        {
            "name": "symfony/polyfill-php72",
            "version": "v1.15.0",
            "source": {
                "type": "git",
                "url": "https://github.com/symfony/polyfill-php72.git",
                "reference": "37b0976c78b94856543260ce09b460a7bc852747"
            },
            "dist": {
                "type": "zip",
                "url": "https://api.github.com/repos/symfony/polyfill-php72/zipball/37b0976c78b94856543260ce09b460a7bc852747",
                "reference": "37b0976c78b94856543260ce09b460a7bc852747",
                "shasum": ""
            },
            "require": {
                "php": ">=5.3.3"
            },
            "type": "library",
            "extra": {
                "branch-alias": {
                    "dev-master": "1.15-dev"
                }
            },
            "autoload": {
                "psr-4": {
                    "Symfony\\Polyfill\\Php72\\": ""
                },
                "files": [
                    "bootstrap.php"
                ]
            },
            "notification-url": "https://packagist.org/downloads/",
            "license": [
                "MIT"
            ],
            "authors": [
                {
                    "name": "Nicolas Grekas",
                    "email": "p@tchwork.com"
                },
                {
                    "name": "Symfony Community",
                    "homepage": "https://symfony.com/contributors"
                }
            ],
            "description": "Symfony polyfill backporting some PHP 7.2+ features to lower PHP versions",
            "homepage": "https://symfony.com",
            "keywords": [
                "compatibility",
                "polyfill",
                "portable",
                "shim"
            ],
            "funding": [
                {
                    "url": "https://symfony.com/sponsor",
                    "type": "custom"
                },
                {
                    "url": "https://github.com/fabpot",
                    "type": "github"
                },
                {
                    "url": "https://tidelift.com/funding/github/packagist/symfony/symfony",
                    "type": "tidelift"
                }
            ],
            "time": "2020-02-27T09:26:54+00:00"
        },
        {
            "name": "symfony/polyfill-php73",
            "version": "v1.15.0",
            "source": {
                "type": "git",
                "url": "https://github.com/symfony/polyfill-php73.git",
                "reference": "0f27e9f464ea3da33cbe7ca3bdf4eb66def9d0f7"
            },
            "dist": {
                "type": "zip",
                "url": "https://api.github.com/repos/symfony/polyfill-php73/zipball/0f27e9f464ea3da33cbe7ca3bdf4eb66def9d0f7",
                "reference": "0f27e9f464ea3da33cbe7ca3bdf4eb66def9d0f7",
                "shasum": ""
            },
            "require": {
                "php": ">=5.3.3"
            },
            "type": "library",
            "extra": {
                "branch-alias": {
                    "dev-master": "1.15-dev"
                }
            },
            "autoload": {
                "psr-4": {
                    "Symfony\\Polyfill\\Php73\\": ""
                },
                "files": [
                    "bootstrap.php"
                ],
                "classmap": [
                    "Resources/stubs"
                ]
            },
            "notification-url": "https://packagist.org/downloads/",
            "license": [
                "MIT"
            ],
            "authors": [
                {
                    "name": "Nicolas Grekas",
                    "email": "p@tchwork.com"
                },
                {
                    "name": "Symfony Community",
                    "homepage": "https://symfony.com/contributors"
                }
            ],
            "description": "Symfony polyfill backporting some PHP 7.3+ features to lower PHP versions",
            "homepage": "https://symfony.com",
            "keywords": [
                "compatibility",
                "polyfill",
                "portable",
                "shim"
            ],
            "funding": [
                {
                    "url": "https://symfony.com/sponsor",
                    "type": "custom"
                },
                {
                    "url": "https://github.com/fabpot",
                    "type": "github"
                },
                {
                    "url": "https://tidelift.com/funding/github/packagist/symfony/symfony",
                    "type": "tidelift"
                }
            ],
            "time": "2020-02-27T09:26:54+00:00"
        },
        {
            "name": "symfony/service-contracts",
            "version": "v1.1.8",
            "source": {
                "type": "git",
                "url": "https://github.com/symfony/service-contracts.git",
                "reference": "ffc7f5692092df31515df2a5ecf3b7302b3ddacf"
            },
            "dist": {
                "type": "zip",
                "url": "https://api.github.com/repos/symfony/service-contracts/zipball/ffc7f5692092df31515df2a5ecf3b7302b3ddacf",
                "reference": "ffc7f5692092df31515df2a5ecf3b7302b3ddacf",
                "shasum": ""
            },
            "require": {
                "php": "^7.1.3",
                "psr/container": "^1.0"
            },
            "suggest": {
                "symfony/service-implementation": ""
            },
            "type": "library",
            "extra": {
                "branch-alias": {
                    "dev-master": "1.1-dev"
                }
            },
            "autoload": {
                "psr-4": {
                    "Symfony\\Contracts\\Service\\": ""
                }
            },
            "notification-url": "https://packagist.org/downloads/",
            "license": [
                "MIT"
            ],
            "authors": [
                {
                    "name": "Nicolas Grekas",
                    "email": "p@tchwork.com"
                },
                {
                    "name": "Symfony Community",
                    "homepage": "https://symfony.com/contributors"
                }
            ],
            "description": "Generic abstractions related to writing services",
            "homepage": "https://symfony.com",
            "keywords": [
                "abstractions",
                "contracts",
                "decoupling",
                "interfaces",
                "interoperability",
                "standards"
            ],
            "time": "2019-10-14T12:27:06+00:00"
        },
        {
            "name": "webmozart/assert",
            "version": "1.7.0",
            "source": {
                "type": "git",
                "url": "https://github.com/webmozart/assert.git",
                "reference": "aed98a490f9a8f78468232db345ab9cf606cf598"
            },
            "dist": {
                "type": "zip",
                "url": "https://api.github.com/repos/webmozart/assert/zipball/aed98a490f9a8f78468232db345ab9cf606cf598",
                "reference": "aed98a490f9a8f78468232db345ab9cf606cf598",
                "shasum": ""
            },
            "require": {
                "php": "^5.3.3 || ^7.0",
                "symfony/polyfill-ctype": "^1.8"
            },
            "conflict": {
                "vimeo/psalm": "<3.6.0"
            },
            "require-dev": {
                "phpunit/phpunit": "^4.8.36 || ^7.5.13"
            },
            "type": "library",
            "autoload": {
                "psr-4": {
                    "Webmozart\\Assert\\": "src/"
                }
            },
            "notification-url": "https://packagist.org/downloads/",
            "license": [
                "MIT"
            ],
            "authors": [
                {
                    "name": "Bernhard Schussek",
                    "email": "bschussek@gmail.com"
                }
            ],
            "description": "Assertions to validate method input/output with nice error messages.",
            "keywords": [
                "assert",
                "check",
                "validate"
            ],
            "time": "2020-02-14T12:15:55+00:00"
        }
    ],
    "packages-dev": [],
    "aliases": [],
    "minimum-stability": "dev",
    "stability-flags": [],
    "prefer-stable": true,
    "prefer-lowest": false,
    "platform": {
        "php": "^7.1.0"
    },
    "platform-dev": [],
    "platform-overrides": {
        "php": "7.1.22"
    },
    "plugin-api-version": "1.1.0"
}
